
Microsoft Visual Studio Solution File, Format Version 12.00
Project("{FAE04EC0-301F-11D3-BF4B-00C04F79EFBC}") = "LunaBot", "LunaBot\LunaBot.csproj", "{B9D57617-4507-44DE-8E20-B765D48C2B18}"
EndProject
Global
	GlobalSection(SolutionConfigurationPlatforms) = preSolution
		Debug|Any CPU = Debug|Any CPU
		Release|Any CPU = Release|Any CPU
	EndGlobalSection
	GlobalSection(ProjectConfigurationPlatforms) = postSolution
		{B9D57617-4507-44DE-8E20-B765D48C2B18}.Debug|Any CPU.ActiveCfg = Debug|Any CPU
		{B9D57617-4507-44DE-8E20-B765D48C2B18}.Debug|Any CPU.Build.0 = Debug|Any CPU
		{B9D57617-4507-44DE-8E20-B765D48C2B18}.Release|Any CPU.ActiveCfg = Release|Any CPU
		{B9D57617-4507-44DE-8E20-B765D48C2B18}.Release|Any CPU.Build.0 = Release|Any CPU
	EndGlobalSection
EndGlobal
